// !$*UTF8*$!
{
	archiveVersion = 1;
	classes = {
	};
	objectVersion = 46;
	objects = {

/* Begin PBXBuildFile section */
		69074F511C2A4A6300D4500F /* SettingsViewController.swift in Sources */ = {isa = PBXBuildFile; fileRef = 69074F501C2A4A6300D4500F /* SettingsViewController.swift */; };
		69074F581C2A52CA00D4500F /* FormBaseCell.swift in Sources */ = {isa = PBXBuildFile; fileRef = 69074F551C2A52CA00D4500F /* FormBaseCell.swift */; };
		69074F591C2A52CA00D4500F /* FormTitleCell.swift in Sources */ = {isa = PBXBuildFile; fileRef = 69074F561C2A52CA00D4500F /* FormTitleCell.swift */; };
		69074F5A1C2A52CA00D4500F /* FormValueCell.swift in Sources */ = {isa = PBXBuildFile; fileRef = 69074F571C2A52CA00D4500F /* FormValueCell.swift */; };
		69074F661C2A52EA00D4500F /* FormButtonCell.swift in Sources */ = {isa = PBXBuildFile; fileRef = 69074F5B1C2A52EA00D4500F /* FormButtonCell.swift */; };
		69074F671C2A52EA00D4500F /* FormCheckCell.swift in Sources */ = {isa = PBXBuildFile; fileRef = 69074F5C1C2A52EA00D4500F /* FormCheckCell.swift */; };
		69074F681C2A52EA00D4500F /* FormDateCell.swift in Sources */ = {isa = PBXBuildFile; fileRef = 69074F5D1C2A52EA00D4500F /* FormDateCell.swift */; };
		69074F691C2A52EA00D4500F /* FormPickerCell.swift in Sources */ = {isa = PBXBuildFile; fileRef = 69074F5E1C2A52EA00D4500F /* FormPickerCell.swift */; };
		69074F6A1C2A52EA00D4500F /* FormSegmentedControlCell.swift in Sources */ = {isa = PBXBuildFile; fileRef = 69074F5F1C2A52EA00D4500F /* FormSegmentedControlCell.swift */; };
		69074F6B1C2A52EA00D4500F /* FormSelectorCell.swift in Sources */ = {isa = PBXBuildFile; fileRef = 69074F601C2A52EA00D4500F /* FormSelectorCell.swift */; };
		69074F6C1C2A52EA00D4500F /* FormSliderCell.swift in Sources */ = {isa = PBXBuildFile; fileRef = 69074F611C2A52EA00D4500F /* FormSliderCell.swift */; };
		69074F6D1C2A52EA00D4500F /* FormStepperCell.swift in Sources */ = {isa = PBXBuildFile; fileRef = 69074F621C2A52EA00D4500F /* FormStepperCell.swift */; };
		69074F6E1C2A52EA00D4500F /* FormSwitchCell.swift in Sources */ = {isa = PBXBuildFile; fileRef = 69074F631C2A52EA00D4500F /* FormSwitchCell.swift */; };
		69074F6F1C2A52EA00D4500F /* FormTextFieldCell.swift in Sources */ = {isa = PBXBuildFile; fileRef = 69074F641C2A52EA00D4500F /* FormTextFieldCell.swift */; };
		69074F701C2A52EA00D4500F /* FormTextViewCell.swift in Sources */ = {isa = PBXBuildFile; fileRef = 69074F651C2A52EA00D4500F /* FormTextViewCell.swift */; };
		69074F751C2A531B00D4500F /* FormOptionsSelectorController.swift in Sources */ = {isa = PBXBuildFile; fileRef = 69074F721C2A531B00D4500F /* FormOptionsSelectorController.swift */; };
		69074F761C2A531B00D4500F /* FormSelector.swift in Sources */ = {isa = PBXBuildFile; fileRef = 69074F731C2A531B00D4500F /* FormSelector.swift */; };
		69074F771C2A531B00D4500F /* FormViewController.swift in Sources */ = {isa = PBXBuildFile; fileRef = 69074F741C2A531B00D4500F /* FormViewController.swift */; };
		69074F7C1C2A534800D4500F /* FormDescriptor.swift in Sources */ = {isa = PBXBuildFile; fileRef = 69074F791C2A534800D4500F /* FormDescriptor.swift */; };
		69074F7D1C2A534800D4500F /* FormRowDescriptor.swift in Sources */ = {isa = PBXBuildFile; fileRef = 69074F7A1C2A534800D4500F /* FormRowDescriptor.swift */; };
		69074F7E1C2A534800D4500F /* FormSectionDescriptor.swift in Sources */ = {isa = PBXBuildFile; fileRef = 69074F7B1C2A534800D4500F /* FormSectionDescriptor.swift */; };
		69074F811C2A536600D4500F /* Info.plist in Resources */ = {isa = PBXBuildFile; fileRef = 69074F801C2A536600D4500F /* Info.plist */; };
		69074F8B1C2B95AA00D4500F /* UsernameEditViewController.swift in Sources */ = {isa = PBXBuildFile; fileRef = 69074F8A1C2B95AA00D4500F /* UsernameEditViewController.swift */; };
		69074FCC1C2BC79A00D4500F /* TrainSetViewController.swift in Sources */ = {isa = PBXBuildFile; fileRef = 69074FCB1C2BC79A00D4500F /* TrainSetViewController.swift */; };
		69074FD51C2BDB2700D4500F /* RecoveryCase+CoreDataProperties.swift in Sources */ = {isa = PBXBuildFile; fileRef = 69074FCD1C2BDB2700D4500F /* RecoveryCase+CoreDataProperties.swift */; };
		69074FD61C2BDB2700D4500F /* RecoveryCase.swift in Sources */ = {isa = PBXBuildFile; fileRef = 69074FCE1C2BDB2700D4500F /* RecoveryCase.swift */; };
		69074FD71C2BDB2700D4500F /* IDDict+CoreDataProperties.swift in Sources */ = {isa = PBXBuildFile; fileRef = 69074FCF1C2BDB2700D4500F /* IDDict+CoreDataProperties.swift */; };
		69074FD81C2BDB2700D4500F /* IDDict.swift in Sources */ = {isa = PBXBuildFile; fileRef = 69074FD01C2BDB2700D4500F /* IDDict.swift */; };
		69074FD91C2BDB2700D4500F /* TrainningRecord+CoreDataProperties.swift in Sources */ = {isa = PBXBuildFile; fileRef = 69074FD11C2BDB2700D4500F /* TrainningRecord+CoreDataProperties.swift */; };
		69074FDA1C2BDB2700D4500F /* TrainningRecord.swift in Sources */ = {isa = PBXBuildFile; fileRef = 69074FD21C2BDB2700D4500F /* TrainningRecord.swift */; };
		69074FDB1C2BDB2700D4500F /* User+CoreDataProperties.swift in Sources */ = {isa = PBXBuildFile; fileRef = 69074FD31C2BDB2700D4500F /* User+CoreDataProperties.swift */; };
		69074FDC1C2BDB2700D4500F /* User.swift in Sources */ = {isa = PBXBuildFile; fileRef = 69074FD41C2BDB2700D4500F /* User.swift */; };
		69074FDE1C2BEA9A00D4500F /* FormIndicatorCell.swift in Sources */ = {isa = PBXBuildFile; fileRef = 69074FDD1C2BEA9A00D4500F /* FormIndicatorCell.swift */; };
		69074FE01C2D139000D4500F /* UserSingleton.swift in Sources */ = {isa = PBXBuildFile; fileRef = 69074FDF1C2D139000D4500F /* UserSingleton.swift */; };
		69074FE21C2D17A400D4500F /* IDDictSingleton.swift in Sources */ = {isa = PBXBuildFile; fileRef = 69074FE11C2D17A400D4500F /* IDDictSingleton.swift */; };
		69074FE61C2F960700D4500F /* BirthdayEditViewController.swift in Sources */ = {isa = PBXBuildFile; fileRef = 69074FE51C2F960700D4500F /* BirthdayEditViewController.swift */; };
		69074FE91C2FCBAF00D4500F /* GenderEditViewController.swift in Sources */ = {isa = PBXBuildFile; fileRef = 69074FE81C2FCBAF00D4500F /* GenderEditViewController.swift */; };
		69074FEB1C2FDD2500D4500F /* SelectUserViewController.swift in Sources */ = {isa = PBXBuildFile; fileRef = 69074FEA1C2FDD2500D4500F /* SelectUserViewController.swift */; };
		69074FED1C34A22E00D4500F /* SelectCaseViewController.swift in Sources */ = {isa = PBXBuildFile; fileRef = 69074FEC1C34A22E00D4500F /* SelectCaseViewController.swift */; };
		69074FEF1C34A68500D4500F /* NewCaseViewController.swift in Sources */ = {isa = PBXBuildFile; fileRef = 69074FEE1C34A68500D4500F /* NewCaseViewController.swift */; };
		69CBF8071C28C8F3002D00F5 /* AppDelegate.swift in Sources */ = {isa = PBXBuildFile; fileRef = 69CBF8061C28C8F3002D00F5 /* AppDelegate.swift */; };
		69CBF80C1C28C8F3002D00F5 /* Main.storyboard in Resources */ = {isa = PBXBuildFile; fileRef = 69CBF80A1C28C8F3002D00F5 /* Main.storyboard */; };
		69CBF80F1C28C8F3002D00F5 /* LigaFix.xcdatamodeld in Sources */ = {isa = PBXBuildFile; fileRef = 69CBF80D1C28C8F3002D00F5 /* LigaFix.xcdatamodeld */; };
		69CBF8141C28C8F3002D00F5 /* LaunchScreen.storyboard in Resources */ = {isa = PBXBuildFile; fileRef = 69CBF8121C28C8F3002D00F5 /* LaunchScreen.storyboard */; };
		69CBF81F1C28C8F3002D00F5 /* LigaFixTests.swift in Sources */ = {isa = PBXBuildFile; fileRef = 69CBF81E1C28C8F3002D00F5 /* LigaFixTests.swift */; };
		69CBF82A1C28C8F3002D00F5 /* LigaFixUITests.swift in Sources */ = {isa = PBXBuildFile; fileRef = 69CBF8291C28C8F3002D00F5 /* LigaFixUITests.swift */; };
		69CBF8381C28F146002D00F5 /* Assets.xcassets in Resources */ = {isa = PBXBuildFile; fileRef = 69CBF8371C28F146002D00F5 /* Assets.xcassets */; };
		69CBF84C1C29483D002D00F5 /* ASPopUpView.m in Sources */ = {isa = PBXBuildFile; fileRef = 69CBF8491C29483D002D00F5 /* ASPopUpView.m */; };
		69CBF84D1C29483D002D00F5 /* ASProgressPopUpView.m in Sources */ = {isa = PBXBuildFile; fileRef = 69CBF84B1C29483D002D00F5 /* ASProgressPopUpView.m */; };
		69CBF8501C294E5A002D00F5 /* TrainningViewController.swift in Sources */ = {isa = PBXBuildFile; fileRef = 69CBF84F1C294E5A002D00F5 /* TrainningViewController.swift */; };
/* End PBXBuildFile section */

/* Begin PBXContainerItemProxy section */
		69CBF81B1C28C8F3002D00F5 /* PBXContainerItemProxy */ = {
			isa = PBXContainerItemProxy;
			containerPortal = 69CBF7FB1C28C8F3002D00F5 /* Project object */;
			proxyType = 1;
			remoteGlobalIDString = 69CBF8021C28C8F3002D00F5;
			remoteInfo = LigaFix;
		};
		69CBF8261C28C8F3002D00F5 /* PBXContainerItemProxy */ = {
			isa = PBXContainerItemProxy;
			containerPortal = 69CBF7FB1C28C8F3002D00F5 /* Project object */;
			proxyType = 1;
			remoteGlobalIDString = 69CBF8021C28C8F3002D00F5;
			remoteInfo = LigaFix;
		};
/* End PBXContainerItemProxy section */

/* Begin PBXFileReference section */
		69074F501C2A4A6300D4500F /* SettingsViewController.swift */ = {isa = PBXFileReference; fileEncoding = 4; lastKnownFileType = sourcecode.swift; path = SettingsViewController.swift; sourceTree = "<group>"; };
		69074F551C2A52CA00D4500F /* FormBaseCell.swift */ = {isa = PBXFileReference; fileEncoding = 4; lastKnownFileType = sourcecode.swift; name = FormBaseCell.swift; path = SwiftForms/cells/base/FormBaseCell.swift; sourceTree = "<group>"; };
		69074F561C2A52CA00D4500F /* FormTitleCell.swift */ = {isa = PBXFileReference; fileEncoding = 4; lastKnownFileType = sourcecode.swift; name = FormTitleCell.swift; path = SwiftForms/cells/base/FormTitleCell.swift; sourceTree = "<group>"; };
		69074F571C2A52CA00D4500F /* FormValueCell.swift */ = {isa = PBXFileReference; fileEncoding = 4; lastKnownFileType = sourcecode.swift; name = FormValueCell.swift; path = SwiftForms/cells/base/FormValueCell.swift; sourceTree = "<group>"; };
		69074F5B1C2A52EA00D4500F /* FormButtonCell.swift */ = {isa = PBXFileReference; fileEncoding = 4; lastKnownFileType = sourcecode.swift; name = FormButtonCell.swift; path = SwiftForms/cells/FormButtonCell.swift; sourceTree = "<group>"; };
		69074F5C1C2A52EA00D4500F /* FormCheckCell.swift */ = {isa = PBXFileReference; fileEncoding = 4; lastKnownFileType = sourcecode.swift; name = FormCheckCell.swift; path = SwiftForms/cells/FormCheckCell.swift; sourceTree = "<group>"; };
		69074F5D1C2A52EA00D4500F /* FormDateCell.swift */ = {isa = PBXFileReference; fileEncoding = 4; lastKnownFileType = sourcecode.swift; name = FormDateCell.swift; path = SwiftForms/cells/FormDateCell.swift; sourceTree = "<group>"; };
		69074F5E1C2A52EA00D4500F /* FormPickerCell.swift */ = {isa = PBXFileReference; fileEncoding = 4; lastKnownFileType = sourcecode.swift; name = FormPickerCell.swift; path = SwiftForms/cells/FormPickerCell.swift; sourceTree = "<group>"; };
		69074F5F1C2A52EA00D4500F /* FormSegmentedControlCell.swift */ = {isa = PBXFileReference; fileEncoding = 4; lastKnownFileType = sourcecode.swift; name = FormSegmentedControlCell.swift; path = SwiftForms/cells/FormSegmentedControlCell.swift; sourceTree = "<group>"; };
		69074F601C2A52EA00D4500F /* FormSelectorCell.swift */ = {isa = PBXFileReference; fileEncoding = 4; lastKnownFileType = sourcecode.swift; name = FormSelectorCell.swift; path = SwiftForms/cells/FormSelectorCell.swift; sourceTree = "<group>"; };
		69074F611C2A52EA00D4500F /* FormSliderCell.swift */ = {isa = PBXFileReference; fileEncoding = 4; lastKnownFileType = sourcecode.swift; name = FormSliderCell.swift; path = SwiftForms/cells/FormSliderCell.swift; sourceTree = "<group>"; };
		69074F621C2A52EA00D4500F /* FormStepperCell.swift */ = {isa = PBXFileReference; fileEncoding = 4; lastKnownFileType = sourcecode.swift; name = FormStepperCell.swift; path = SwiftForms/cells/FormStepperCell.swift; sourceTree = "<group>"; };
		69074F631C2A52EA00D4500F /* FormSwitchCell.swift */ = {isa = PBXFileReference; fileEncoding = 4; lastKnownFileType = sourcecode.swift; name = FormSwitchCell.swift; path = SwiftForms/cells/FormSwitchCell.swift; sourceTree = "<group>"; };
		69074F641C2A52EA00D4500F /* FormTextFieldCell.swift */ = {isa = PBXFileReference; fileEncoding = 4; lastKnownFileType = sourcecode.swift; name = FormTextFieldCell.swift; path = SwiftForms/cells/FormTextFieldCell.swift; sourceTree = "<group>"; };
		69074F651C2A52EA00D4500F /* FormTextViewCell.swift */ = {isa = PBXFileReference; fileEncoding = 4; lastKnownFileType = sourcecode.swift; name = FormTextViewCell.swift; path = SwiftForms/cells/FormTextViewCell.swift; sourceTree = "<group>"; };
		69074F721C2A531B00D4500F /* FormOptionsSelectorController.swift */ = {isa = PBXFileReference; fileEncoding = 4; lastKnownFileType = sourcecode.swift; name = FormOptionsSelectorController.swift; path = SwiftForms/controllers/FormOptionsSelectorController.swift; sourceTree = "<group>"; };
		69074F731C2A531B00D4500F /* FormSelector.swift */ = {isa = PBXFileReference; fileEncoding = 4; lastKnownFileType = sourcecode.swift; name = FormSelector.swift; path = SwiftForms/controllers/FormSelector.swift; sourceTree = "<group>"; };
		69074F741C2A531B00D4500F /* FormViewController.swift */ = {isa = PBXFileReference; fileEncoding = 4; lastKnownFileType = sourcecode.swift; name = FormViewController.swift; path = SwiftForms/controllers/FormViewController.swift; sourceTree = "<group>"; };
		69074F791C2A534800D4500F /* FormDescriptor.swift */ = {isa = PBXFileReference; fileEncoding = 4; lastKnownFileType = sourcecode.swift; name = FormDescriptor.swift; path = SwiftForms/descriptors/FormDescriptor.swift; sourceTree = "<group>"; };
		69074F7A1C2A534800D4500F /* FormRowDescriptor.swift */ = {isa = PBXFileReference; fileEncoding = 4; lastKnownFileType = sourcecode.swift; name = FormRowDescriptor.swift; path = SwiftForms/descriptors/FormRowDescriptor.swift; sourceTree = "<group>"; };
		69074F7B1C2A534800D4500F /* FormSectionDescriptor.swift */ = {isa = PBXFileReference; fileEncoding = 4; lastKnownFileType = sourcecode.swift; name = FormSectionDescriptor.swift; path = SwiftForms/descriptors/FormSectionDescriptor.swift; sourceTree = "<group>"; };
		69074F7F1C2A535E00D4500F /* SwiftForms.h */ = {isa = PBXFileReference; lastKnownFileType = sourcecode.c.h; name = SwiftForms.h; path = SwiftForms/SwiftForms.h; sourceTree = "<group>"; };
		69074F801C2A536600D4500F /* Info.plist */ = {isa = PBXFileReference; fileEncoding = 4; lastKnownFileType = text.plist.xml; name = Info.plist; path = SwiftForms/Info.plist; sourceTree = "<group>"; };
		69074F8A1C2B95AA00D4500F /* UsernameEditViewController.swift */ = {isa = PBXFileReference; fileEncoding = 4; lastKnownFileType = sourcecode.swift; path = UsernameEditViewController.swift; sourceTree = "<group>"; };
		69074FCB1C2BC79A00D4500F /* TrainSetViewController.swift */ = {isa = PBXFileReference; fileEncoding = 4; lastKnownFileType = sourcecode.swift; path = TrainSetViewController.swift; sourceTree = "<group>"; };
		69074FCD1C2BDB2700D4500F /* RecoveryCase+CoreDataProperties.swift */ = {isa = PBXFileReference; fileEncoding = 4; lastKnownFileType = sourcecode.swift; name = "RecoveryCase+CoreDataProperties.swift"; path = "LigaFix/DataModel/RecoveryCase+CoreDataProperties.swift"; sourceTree = "<group>"; };
		69074FCE1C2BDB2700D4500F /* RecoveryCase.swift */ = {isa = PBXFileReference; fileEncoding = 4; lastKnownFileType = sourcecode.swift; name = RecoveryCase.swift; path = LigaFix/DataModel/RecoveryCase.swift; sourceTree = "<group>"; };
		69074FCF1C2BDB2700D4500F /* IDDict+CoreDataProperties.swift */ = {isa = PBXFileReference; fileEncoding = 4; lastKnownFileType = sourcecode.swift; name = "IDDict+CoreDataProperties.swift"; path = "LigaFix/DataModel/IDDict+CoreDataProperties.swift"; sourceTree = "<group>"; };
		69074FD01C2BDB2700D4500F /* IDDict.swift */ = {isa = PBXFileReference; fileEncoding = 4; lastKnownFileType = sourcecode.swift; name = IDDict.swift; path = LigaFix/DataModel/IDDict.swift; sourceTree = "<group>"; };
		69074FD11C2BDB2700D4500F /* TrainningRecord+CoreDataProperties.swift */ = {isa = PBXFileReference; fileEncoding = 4; lastKnownFileType = sourcecode.swift; name = "TrainningRecord+CoreDataProperties.swift"; path = "LigaFix/DataModel/TrainningRecord+CoreDataProperties.swift"; sourceTree = "<group>"; };
		69074FD21C2BDB2700D4500F /* TrainningRecord.swift */ = {isa = PBXFileReference; fileEncoding = 4; lastKnownFileType = sourcecode.swift; name = TrainningRecord.swift; path = LigaFix/DataModel/TrainningRecord.swift; sourceTree = "<group>"; };
		69074FD31C2BDB2700D4500F /* User+CoreDataProperties.swift */ = {isa = PBXFileReference; fileEncoding = 4; lastKnownFileType = sourcecode.swift; name = "User+CoreDataProperties.swift"; path = "LigaFix/DataModel/User+CoreDataProperties.swift"; sourceTree = "<group>"; };
		69074FD41C2BDB2700D4500F /* User.swift */ = {isa = PBXFileReference; fileEncoding = 4; lastKnownFileType = sourcecode.swift; name = User.swift; path = LigaFix/DataModel/User.swift; sourceTree = "<group>"; };
		69074FDD1C2BEA9A00D4500F /* FormIndicatorCell.swift */ = {isa = PBXFileReference; fileEncoding = 4; lastKnownFileType = sourcecode.swift; name = FormIndicatorCell.swift; path = SwiftForms/cells/FormIndicatorCell.swift; sourceTree = "<group>"; };
		69074FDF1C2D139000D4500F /* UserSingleton.swift */ = {isa = PBXFileReference; fileEncoding = 4; lastKnownFileType = sourcecode.swift; name = UserSingleton.swift; path = LigaFix/DataModel/UserSingleton.swift; sourceTree = "<group>"; };
		69074FE11C2D17A400D4500F /* IDDictSingleton.swift */ = {isa = PBXFileReference; fileEncoding = 4; lastKnownFileType = sourcecode.swift; name = IDDictSingleton.swift; path = LigaFix/DataModel/IDDictSingleton.swift; sourceTree = "<group>"; };
		69074FE51C2F960700D4500F /* BirthdayEditViewController.swift */ = {isa = PBXFileReference; fileEncoding = 4; lastKnownFileType = sourcecode.swift; path = BirthdayEditViewController.swift; sourceTree = "<group>"; };
		69074FE81C2FCBAF00D4500F /* GenderEditViewController.swift */ = {isa = PBXFileReference; fileEncoding = 4; lastKnownFileType = sourcecode.swift; path = GenderEditViewController.swift; sourceTree = "<group>"; };
		69074FEA1C2FDD2500D4500F /* SelectUserViewController.swift */ = {isa = PBXFileReference; fileEncoding = 4; lastKnownFileType = sourcecode.swift; path = SelectUserViewController.swift; sourceTree = "<group>"; };
		69074FEC1C34A22E00D4500F /* SelectCaseViewController.swift */ = {isa = PBXFileReference; fileEncoding = 4; lastKnownFileType = sourcecode.swift; path = SelectCaseViewController.swift; sourceTree = "<group>"; };
		69074FEE1C34A68500D4500F /* NewCaseViewController.swift */ = {isa = PBXFileReference; fileEncoding = 4; lastKnownFileType = sourcecode.swift; path = NewCaseViewController.swift; sourceTree = "<group>"; };
		69CBF8031C28C8F3002D00F5 /* LigaFix.app */ = {isa = PBXFileReference; explicitFileType = wrapper.application; includeInIndex = 0; path = LigaFix.app; sourceTree = BUILT_PRODUCTS_DIR; };
		69CBF8061C28C8F3002D00F5 /* AppDelegate.swift */ = {isa = PBXFileReference; lastKnownFileType = sourcecode.swift; path = AppDelegate.swift; sourceTree = "<group>"; };
		69CBF80B1C28C8F3002D00F5 /* Base */ = {isa = PBXFileReference; lastKnownFileType = file.storyboard; name = Base; path = Base.lproj/Main.storyboard; sourceTree = "<group>"; };
		69CBF80E1C28C8F3002D00F5 /* LigaFix.xcdatamodel */ = {isa = PBXFileReference; lastKnownFileType = wrapper.xcdatamodel; path = LigaFix.xcdatamodel; sourceTree = "<group>"; };
		69CBF8131C28C8F3002D00F5 /* Base */ = {isa = PBXFileReference; lastKnownFileType = file.storyboard; name = Base; path = Base.lproj/LaunchScreen.storyboard; sourceTree = "<group>"; };
		69CBF8151C28C8F3002D00F5 /* Info.plist */ = {isa = PBXFileReference; lastKnownFileType = text.plist.xml; path = Info.plist; sourceTree = "<group>"; };
		69CBF81A1C28C8F3002D00F5 /* LigaFixTests.xctest */ = {isa = PBXFileReference; explicitFileType = wrapper.cfbundle; includeInIndex = 0; path = LigaFixTests.xctest; sourceTree = BUILT_PRODUCTS_DIR; };
		69CBF81E1C28C8F3002D00F5 /* LigaFixTests.swift */ = {isa = PBXFileReference; lastKnownFileType = sourcecode.swift; path = LigaFixTests.swift; sourceTree = "<group>"; };
		69CBF8201C28C8F3002D00F5 /* Info.plist */ = {isa = PBXFileReference; lastKnownFileType = text.plist.xml; path = Info.plist; sourceTree = "<group>"; };
		69CBF8251C28C8F3002D00F5 /* LigaFixUITests.xctest */ = {isa = PBXFileReference; explicitFileType = wrapper.cfbundle; includeInIndex = 0; path = LigaFixUITests.xctest; sourceTree = BUILT_PRODUCTS_DIR; };
		69CBF8291C28C8F3002D00F5 /* LigaFixUITests.swift */ = {isa = PBXFileReference; lastKnownFileType = sourcecode.swift; path = LigaFixUITests.swift; sourceTree = "<group>"; };
		69CBF82B1C28C8F3002D00F5 /* Info.plist */ = {isa = PBXFileReference; lastKnownFileType = text.plist.xml; path = Info.plist; sourceTree = "<group>"; };
		69CBF8371C28F146002D00F5 /* Assets.xcassets */ = {isa = PBXFileReference; lastKnownFileType = folder.assetcatalog; path = Assets.xcassets; sourceTree = "<group>"; };
		69CBF8391C2934F6002D00F5 /* LigaFix-Bridging-Header.h */ = {isa = PBXFileReference; lastKnownFileType = sourcecode.c.h; path = "LigaFix-Bridging-Header.h"; sourceTree = "<group>"; };
		69CBF8481C29483D002D00F5 /* ASPopUpView.h */ = {isa = PBXFileReference; fileEncoding = 4; lastKnownFileType = sourcecode.c.h; name = ASPopUpView.h; path = ASProgressPopUpView/ASPopUpView.h; sourceTree = "<group>"; };
		69CBF8491C29483D002D00F5 /* ASPopUpView.m */ = {isa = PBXFileReference; fileEncoding = 4; lastKnownFileType = sourcecode.c.objc; name = ASPopUpView.m; path = ASProgressPopUpView/ASPopUpView.m; sourceTree = "<group>"; };
		69CBF84A1C29483D002D00F5 /* ASProgressPopUpView.h */ = {isa = PBXFileReference; fileEncoding = 4; lastKnownFileType = sourcecode.c.h; name = ASProgressPopUpView.h; path = ASProgressPopUpView/ASProgressPopUpView.h; sourceTree = "<group>"; };
		69CBF84B1C29483D002D00F5 /* ASProgressPopUpView.m */ = {isa = PBXFileReference; fileEncoding = 4; lastKnownFileType = sourcecode.c.objc; name = ASProgressPopUpView.m; path = ASProgressPopUpView/ASProgressPopUpView.m; sourceTree = "<group>"; };
		69CBF84F1C294E5A002D00F5 /* TrainningViewController.swift */ = {isa = PBXFileReference; fileEncoding = 4; lastKnownFileType = sourcecode.swift; path = TrainningViewController.swift; sourceTree = "<group>"; };
/* End PBXFileReference section */

/* Begin PBXFrameworksBuildPhase section */
		69CBF8001C28C8F3002D00F5 /* Frameworks */ = {
			isa = PBXFrameworksBuildPhase;
			buildActionMask = 2147483647;
			files = (
			);
			runOnlyForDeploymentPostprocessing = 0;
		};
		69CBF8171C28C8F3002D00F5 /* Frameworks */ = {
			isa = PBXFrameworksBuildPhase;
			buildActionMask = 2147483647;
			files = (
			);
			runOnlyForDeploymentPostprocessing = 0;
		};
		69CBF8221C28C8F3002D00F5 /* Frameworks */ = {
			isa = PBXFrameworksBuildPhase;
			buildActionMask = 2147483647;
			files = (
			);
			runOnlyForDeploymentPostprocessing = 0;
		};
/* End PBXFrameworksBuildPhase section */

/* Begin PBXGroup section */
		69074F521C2A529100D4500F /* SwiftForms */ = {
			isa = PBXGroup;
			children = (
				69074F531C2A529900D4500F /* cells */,
				69074F711C2A530C00D4500F /* controllers */,
				69074F781C2A533C00D4500F /* descriptors */,
				69074F7F1C2A535E00D4500F /* SwiftForms.h */,
				69074F801C2A536600D4500F /* Info.plist */,
			);
			name = SwiftForms;
			sourceTree = "<group>";
		};
		69074F531C2A529900D4500F /* cells */ = {
			isa = PBXGroup;
			children = (
				69074F541C2A52B800D4500F /* base */,
				69074FDD1C2BEA9A00D4500F /* FormIndicatorCell.swift */,
				69074F5B1C2A52EA00D4500F /* FormButtonCell.swift */,
				69074F5C1C2A52EA00D4500F /* FormCheckCell.swift */,
				69074F5D1C2A52EA00D4500F /* FormDateCell.swift */,
				69074F5E1C2A52EA00D4500F /* FormPickerCell.swift */,
				69074F5F1C2A52EA00D4500F /* FormSegmentedControlCell.swift */,
				69074F601C2A52EA00D4500F /* FormSelectorCell.swift */,
				69074F611C2A52EA00D4500F /* FormSliderCell.swift */,
				69074F621C2A52EA00D4500F /* FormStepperCell.swift */,
				69074F631C2A52EA00D4500F /* FormSwitchCell.swift */,
				69074F641C2A52EA00D4500F /* FormTextFieldCell.swift */,
				69074F651C2A52EA00D4500F /* FormTextViewCell.swift */,
			);
			name = cells;
			sourceTree = "<group>";
		};
		69074F541C2A52B800D4500F /* base */ = {
			isa = PBXGroup;
			children = (
				69074F551C2A52CA00D4500F /* FormBaseCell.swift */,
				69074F561C2A52CA00D4500F /* FormTitleCell.swift */,
				69074F571C2A52CA00D4500F /* FormValueCell.swift */,
			);
			name = base;
			sourceTree = "<group>";
		};
		69074F711C2A530C00D4500F /* controllers */ = {
			isa = PBXGroup;
			children = (
				69074F721C2A531B00D4500F /* FormOptionsSelectorController.swift */,
				69074F731C2A531B00D4500F /* FormSelector.swift */,
				69074F741C2A531B00D4500F /* FormViewController.swift */,
			);
			name = controllers;
			sourceTree = "<group>";
		};
		69074F781C2A533C00D4500F /* descriptors */ = {
			isa = PBXGroup;
			children = (
				69074F791C2A534800D4500F /* FormDescriptor.swift */,
				69074F7A1C2A534800D4500F /* FormRowDescriptor.swift */,
				69074F7B1C2A534800D4500F /* FormSectionDescriptor.swift */,
			);
			name = descriptors;
			sourceTree = "<group>";
		};
		69074FC81C2BA0A000D4500F /* DataModel */ = {
			isa = PBXGroup;
			children = (
				69074FCD1C2BDB2700D4500F /* RecoveryCase+CoreDataProperties.swift */,
				69074FCE1C2BDB2700D4500F /* RecoveryCase.swift */,
				69074FCF1C2BDB2700D4500F /* IDDict+CoreDataProperties.swift */,
				69074FD01C2BDB2700D4500F /* IDDict.swift */,
				69074FE11C2D17A400D4500F /* IDDictSingleton.swift */,
				69074FD11C2BDB2700D4500F /* TrainningRecord+CoreDataProperties.swift */,
				69074FD21C2BDB2700D4500F /* TrainningRecord.swift */,
				69074FD31C2BDB2700D4500F /* User+CoreDataProperties.swift */,
				69074FD41C2BDB2700D4500F /* User.swift */,
				69074FDF1C2D139000D4500F /* UserSingleton.swift */,
			);
			name = DataModel;
			path = ..;
			sourceTree = "<group>";
		};
		69074FE71C2FC65200D4500F /* SettingsView */ = {
			isa = PBXGroup;
			children = (
				69074FEA1C2FDD2500D4500F /* SelectUserViewController.swift */,
				69074F8A1C2B95AA00D4500F /* UsernameEditViewController.swift */,
				69074FE81C2FCBAF00D4500F /* GenderEditViewController.swift */,
				69074FE51C2F960700D4500F /* BirthdayEditViewController.swift */,
				69074FEC1C34A22E00D4500F /* SelectCaseViewController.swift */,
				69074FEE1C34A68500D4500F /* NewCaseViewController.swift */,
				69074FCB1C2BC79A00D4500F /* TrainSetViewController.swift */,
			);
			name = SettingsView;
			sourceTree = "<group>";
		};
		69CBF7FA1C28C8F3002D00F5 = {
			isa = PBXGroup;
			children = (
				69CBF8051C28C8F3002D00F5 /* LigaFix */,
				69CBF81D1C28C8F3002D00F5 /* LigaFixTests */,
				69CBF8281C28C8F3002D00F5 /* LigaFixUITests */,
				69CBF8041C28C8F3002D00F5 /* Products */,
			);
			sourceTree = "<group>";
		};
		69CBF8041C28C8F3002D00F5 /* Products */ = {
			isa = PBXGroup;
			children = (
				69CBF8031C28C8F3002D00F5 /* LigaFix.app */,
				69CBF81A1C28C8F3002D00F5 /* LigaFixTests.xctest */,
				69CBF8251C28C8F3002D00F5 /* LigaFixUITests.xctest */,
			);
			name = Products;
			sourceTree = "<group>";
		};
		69CBF8051C28C8F3002D00F5 /* LigaFix */ = {
			isa = PBXGroup;
			children = (
				69074F521C2A529100D4500F /* SwiftForms */,
				69CBF84E1C294849002D00F5 /* ASProgressPopUpView */,
				69CBF80A1C28C8F3002D00F5 /* Main.storyboard */,
				69CBF8121C28C8F3002D00F5 /* LaunchScreen.storyboard */,
				69CBF8371C28F146002D00F5 /* Assets.xcassets */,
				69CBF8391C2934F6002D00F5 /* LigaFix-Bridging-Header.h */,
				69CBF8061C28C8F3002D00F5 /* AppDelegate.swift */,
				69CBF84F1C294E5A002D00F5 /* TrainningViewController.swift */,
				69074F501C2A4A6300D4500F /* SettingsViewController.swift */,
				69074FE71C2FC65200D4500F /* SettingsView */,
				69CBF80D1C28C8F3002D00F5 /* LigaFix.xcdatamodeld */,
				69074FC81C2BA0A000D4500F /* DataModel */,
				69CBF8151C28C8F3002D00F5 /* Info.plist */,
			);
			path = LigaFix;
			sourceTree = "<group>";
		};
		69CBF81D1C28C8F3002D00F5 /* LigaFixTests */ = {
			isa = PBXGroup;
			children = (
				69CBF81E1C28C8F3002D00F5 /* LigaFixTests.swift */,
				69CBF8201C28C8F3002D00F5 /* Info.plist */,
			);
			path = LigaFixTests;
			sourceTree = "<group>";
		};
		69CBF8281C28C8F3002D00F5 /* LigaFixUITests */ = {
			isa = PBXGroup;
			children = (
				69CBF8291C28C8F3002D00F5 /* LigaFixUITests.swift */,
				69CBF82B1C28C8F3002D00F5 /* Info.plist */,
			);
			path = LigaFixUITests;
			sourceTree = "<group>";
		};
		69CBF84E1C294849002D00F5 /* ASProgressPopUpView */ = {
			isa = PBXGroup;
			children = (
				69CBF8481C29483D002D00F5 /* ASPopUpView.h */,
				69CBF8491C29483D002D00F5 /* ASPopUpView.m */,
				69CBF84A1C29483D002D00F5 /* ASProgressPopUpView.h */,
				69CBF84B1C29483D002D00F5 /* ASProgressPopUpView.m */,
			);
			name = ASProgressPopUpView;
			sourceTree = "<group>";
		};
/* End PBXGroup section */

/* Begin PBXNativeTarget section */
		69CBF8021C28C8F3002D00F5 /* LigaFix */ = {
			isa = PBXNativeTarget;
			buildConfigurationList = 69CBF82E1C28C8F3002D00F5 /* Build configuration list for PBXNativeTarget "LigaFix" */;
			buildPhases = (
				69CBF7FF1C28C8F3002D00F5 /* Sources */,
				69CBF8001C28C8F3002D00F5 /* Frameworks */,
				69CBF8011C28C8F3002D00F5 /* Resources */,
			);
			buildRules = (
			);
			dependencies = (
			);
			name = LigaFix;
			productName = LigaFix;
			productReference = 69CBF8031C28C8F3002D00F5 /* LigaFix.app */;
			productType = "com.apple.product-type.application";
		};
		69CBF8191C28C8F3002D00F5 /* LigaFixTests */ = {
			isa = PBXNativeTarget;
			buildConfigurationList = 69CBF8311C28C8F3002D00F5 /* Build configuration list for PBXNativeTarget "LigaFixTests" */;
			buildPhases = (
				69CBF8161C28C8F3002D00F5 /* Sources */,
				69CBF8171C28C8F3002D00F5 /* Frameworks */,
				69CBF8181C28C8F3002D00F5 /* Resources */,
			);
			buildRules = (
			);
			dependencies = (
				69CBF81C1C28C8F3002D00F5 /* PBXTargetDependency */,
			);
			name = LigaFixTests;
			productName = LigaFixTests;
			productReference = 69CBF81A1C28C8F3002D00F5 /* LigaFixTests.xctest */;
			productType = "com.apple.product-type.bundle.unit-test";
		};
		69CBF8241C28C8F3002D00F5 /* LigaFixUITests */ = {
			isa = PBXNativeTarget;
			buildConfigurationList = 69CBF8341C28C8F3002D00F5 /* Build configuration list for PBXNativeTarget "LigaFixUITests" */;
			buildPhases = (
				69CBF8211C28C8F3002D00F5 /* Sources */,
				69CBF8221C28C8F3002D00F5 /* Frameworks */,
				69CBF8231C28C8F3002D00F5 /* Resources */,
			);
			buildRules = (
			);
			dependencies = (
				69CBF8271C28C8F3002D00F5 /* PBXTargetDependency */,
			);
			name = LigaFixUITests;
			productName = LigaFixUITests;
			productReference = 69CBF8251C28C8F3002D00F5 /* LigaFixUITests.xctest */;
			productType = "com.apple.product-type.bundle.ui-testing";
		};
/* End PBXNativeTarget section */

/* Begin PBXProject section */
		69CBF7FB1C28C8F3002D00F5 /* Project object */ = {
			isa = PBXProject;
			attributes = {
				LastSwiftUpdateCheck = 0720;
				LastUpgradeCheck = 0720;
				ORGANIZATIONNAME = JiaDuan;
				TargetAttributes = {
					69CBF8021C28C8F3002D00F5 = {
						CreatedOnToolsVersion = 7.2;
						DevelopmentTeam = FYR7T527AW;
					};
					69CBF8191C28C8F3002D00F5 = {
						CreatedOnToolsVersion = 7.2;
						DevelopmentTeam = FYR7T527AW;
						TestTargetID = 69CBF8021C28C8F3002D00F5;
					};
					69CBF8241C28C8F3002D00F5 = {
						CreatedOnToolsVersion = 7.2;
						DevelopmentTeam = FYR7T527AW;
						TestTargetID = 69CBF8021C28C8F3002D00F5;
					};
				};
			};
			buildConfigurationList = 69CBF7FE1C28C8F3002D00F5 /* Build configuration list for PBXProject "LigaFix" */;
			compatibilityVersion = "Xcode 3.2";
			developmentRegion = English;
			hasScannedForEncodings = 0;
			knownRegions = (
				en,
				Base,
			);
			mainGroup = 69CBF7FA1C28C8F3002D00F5;
			productRefGroup = 69CBF8041C28C8F3002D00F5 /* Products */;
			projectDirPath = "";
			projectRoot = "";
			targets = (
				69CBF8021C28C8F3002D00F5 /* LigaFix */,
				69CBF8191C28C8F3002D00F5 /* LigaFixTests */,
				69CBF8241C28C8F3002D00F5 /* LigaFixUITests */,
			);
		};
/* End PBXProject section */

/* Begin PBXResourcesBuildPhase section */
		69CBF8011C28C8F3002D00F5 /* Resources */ = {
			isa = PBXResourcesBuildPhase;
			buildActionMask = 2147483647;
			files = (
				69074F811C2A536600D4500F /* Info.plist in Resources */,
				69CBF8141C28C8F3002D00F5 /* LaunchScreen.storyboard in Resources */,
				69CBF8381C28F146002D00F5 /* Assets.xcassets in Resources */,
				69CBF80C1C28C8F3002D00F5 /* Main.storyboard in Resources */,
			);
			runOnlyForDeploymentPostprocessing = 0;
		};
		69CBF8181C28C8F3002D00F5 /* Resources */ = {
			isa = PBXResourcesBuildPhase;
			buildActionMask = 2147483647;
			files = (
			);
			runOnlyForDeploymentPostprocessing = 0;
		};
		69CBF8231C28C8F3002D00F5 /* Resources */ = {
			isa = PBXResourcesBuildPhase;
			buildActionMask = 2147483647;
			files = (
			);
			runOnlyForDeploymentPostprocessing = 0;
		};
/* End PBXResourcesBuildPhase section */

/* Begin PBXSourcesBuildPhase section */
		69CBF7FF1C28C8F3002D00F5 /* Sources */ = {
			isa = PBXSourcesBuildPhase;
			buildActionMask = 2147483647;
			files = (
				69074F691C2A52EA00D4500F /* FormPickerCell.swift in Sources */,
				69CBF8501C294E5A002D00F5 /* TrainningViewController.swift in Sources */,
				69074F7C1C2A534800D4500F /* FormDescriptor.swift in Sources */,
				69074FEB1C2FDD2500D4500F /* SelectUserViewController.swift in Sources */,
				69074FDB1C2BDB2700D4500F /* User+CoreDataProperties.swift in Sources */,
				69074F751C2A531B00D4500F /* FormOptionsSelectorController.swift in Sources */,
				69074F581C2A52CA00D4500F /* FormBaseCell.swift in Sources */,
				69074FE21C2D17A400D4500F /* IDDictSingleton.swift in Sources */,
				69074FDA1C2BDB2700D4500F /* TrainningRecord.swift in Sources */,
				69CBF84D1C29483D002D00F5 /* ASProgressPopUpView.m in Sources */,
				69CBF8071C28C8F3002D00F5 /* AppDelegate.swift in Sources */,
				69074F6E1C2A52EA00D4500F /* FormSwitchCell.swift in Sources */,
				69074F671C2A52EA00D4500F /* FormCheckCell.swift in Sources */,
				69074F6C1C2A52EA00D4500F /* FormSliderCell.swift in Sources */,
				69074F6B1C2A52EA00D4500F /* FormSelectorCell.swift in Sources */,
				69074FE91C2FCBAF00D4500F /* GenderEditViewController.swift in Sources */,
				69074F591C2A52CA00D4500F /* FormTitleCell.swift in Sources */,
				69074FCC1C2BC79A00D4500F /* TrainSetViewController.swift in Sources */,
				69074FDE1C2BEA9A00D4500F /* FormIndicatorCell.swift in Sources */,
				69074FD51C2BDB2700D4500F /* RecoveryCase+CoreDataProperties.swift in Sources */,
				69074F7E1C2A534800D4500F /* FormSectionDescriptor.swift in Sources */,
				69CBF84C1C29483D002D00F5 /* ASPopUpView.m in Sources */,
				69CBF80F1C28C8F3002D00F5 /* LigaFix.xcdatamodeld in Sources */,
				69074FEF1C34A68500D4500F /* NewCaseViewController.swift in Sources */,
				69074FD71C2BDB2700D4500F /* IDDict+CoreDataProperties.swift in Sources */,
				69074FE61C2F960700D4500F /* BirthdayEditViewController.swift in Sources */,
				69074F771C2A531B00D4500F /* FormViewController.swift in Sources */,
				69074F511C2A4A6300D4500F /* SettingsViewController.swift in Sources */,
				69074F6A1C2A52EA00D4500F /* FormSegmentedControlCell.swift in Sources */,
				69074FD61C2BDB2700D4500F /* RecoveryCase.swift in Sources */,
				69074F6F1C2A52EA00D4500F /* FormTextFieldCell.swift in Sources */,
				69074FE01C2D139000D4500F /* UserSingleton.swift in Sources */,
				69074F5A1C2A52CA00D4500F /* FormValueCell.swift in Sources */,
				69074FD91C2BDB2700D4500F /* TrainningRecord+CoreDataProperties.swift in Sources */,
				69074FD81C2BDB2700D4500F /* IDDict.swift in Sources */,
				69074F6D1C2A52EA00D4500F /* FormStepperCell.swift in Sources */,
				69074F701C2A52EA00D4500F /* FormTextViewCell.swift in Sources */,
				69074F8B1C2B95AA00D4500F /* UsernameEditViewController.swift in Sources */,
				69074FED1C34A22E00D4500F /* SelectCaseViewController.swift in Sources */,
				69074F661C2A52EA00D4500F /* FormButtonCell.swift in Sources */,
				69074FDC1C2BDB2700D4500F /* User.swift in Sources */,
				69074F761C2A531B00D4500F /* FormSelector.swift in Sources */,
				69074F681C2A52EA00D4500F /* FormDateCell.swift in Sources */,
				69074F7D1C2A534800D4500F /* FormRowDescriptor.swift in Sources */,
			);
			runOnlyForDeploymentPostprocessing = 0;
		};
		69CBF8161C28C8F3002D00F5 /* Sources */ = {
			isa = PBXSourcesBuildPhase;
			buildActionMask = 2147483647;
			files = (
				69CBF81F1C28C8F3002D00F5 /* LigaFixTests.swift in Sources */,
			);
			runOnlyForDeploymentPostprocessing = 0;
		};
		69CBF8211C28C8F3002D00F5 /* Sources */ = {
			isa = PBXSourcesBuildPhase;
			buildActionMask = 2147483647;
			files = (
				69CBF82A1C28C8F3002D00F5 /* LigaFixUITests.swift in Sources */,
			);
			runOnlyForDeploymentPostprocessing = 0;
		};
/* End PBXSourcesBuildPhase section */

/* Begin PBXTargetDependency section */
		69CBF81C1C28C8F3002D00F5 /* PBXTargetDependency */ = {
			isa = PBXTargetDependency;
			target = 69CBF8021C28C8F3002D00F5 /* LigaFix */;
			targetProxy = 69CBF81B1C28C8F3002D00F5 /* PBXContainerItemProxy */;
		};
		69CBF8271C28C8F3002D00F5 /* PBXTargetDependency */ = {
			isa = PBXTargetDependency;
			target = 69CBF8021C28C8F3002D00F5 /* LigaFix */;
			targetProxy = 69CBF8261C28C8F3002D00F5 /* PBXContainerItemProxy */;
		};
/* End PBXTargetDependency section */

/* Begin PBXVariantGroup section */
		69CBF80A1C28C8F3002D00F5 /* Main.storyboard */ = {
			isa = PBXVariantGroup;
			children = (
				69CBF80B1C28C8F3002D00F5 /* Base */,
			);
			name = Main.storyboard;
			sourceTree = "<group>";
		};
		69CBF8121C28C8F3002D00F5 /* LaunchScreen.storyboard */ = {
			isa = PBXVariantGroup;
			children = (
				69CBF8131C28C8F3002D00F5 /* Base */,
			);
			name = LaunchScreen.storyboard;
			sourceTree = "<group>";
		};
/* End PBXVariantGroup section */

/* Begin XCBuildConfiguration section */
		69CBF82C1C28C8F3002D00F5 /* Debug */ = {
			isa = XCBuildConfiguration;
			buildSettings = {
				ALWAYS_SEARCH_USER_PATHS = NO;
				CLANG_CXX_LANGUAGE_STANDARD = "gnu++0x";
				CLANG_CXX_LIBRARY = "libc++";
				CLANG_ENABLE_MODULES = YES;
				CLANG_ENABLE_OBJC_ARC = YES;
				CLANG_WARN_BOOL_CONVERSION = YES;
				CLANG_WARN_CONSTANT_CONVERSION = YES;
				CLANG_WARN_DIRECT_OBJC_ISA_USAGE = YES_ERROR;
				CLANG_WARN_EMPTY_BODY = YES;
				CLANG_WARN_ENUM_CONVERSION = YES;
				CLANG_WARN_INT_CONVERSION = YES;
				CLANG_WARN_OBJC_ROOT_CLASS = YES_ERROR;
				CLANG_WARN_UNREACHABLE_CODE = YES;
				CLANG_WARN__DUPLICATE_METHOD_MATCH = YES;
				"CODE_SIGN_IDENTITY[sdk=iphoneos*]" = "iPhone Developer";
				COPY_PHASE_STRIP = NO;
				DEBUG_INFORMATION_FORMAT = dwarf;
				ENABLE_STRICT_OBJC_MSGSEND = YES;
				ENABLE_TESTABILITY = YES;
				GCC_C_LANGUAGE_STANDARD = gnu99;
				GCC_DYNAMIC_NO_PIC = NO;
				GCC_NO_COMMON_BLOCKS = YES;
				GCC_OPTIMIZATION_LEVEL = 0;
				GCC_PREPROCESSOR_DEFINITIONS = (
					"DEBUG=1",
					"$(inherited)",
				);
				GCC_WARN_64_TO_32_BIT_CONVERSION = YES;
				GCC_WARN_ABOUT_RETURN_TYPE = YES_ERROR;
				GCC_WARN_UNDECLARED_SELECTOR = YES;
				GCC_WARN_UNINITIALIZED_AUTOS = YES_AGGRESSIVE;
				GCC_WARN_UNUSED_FUNCTION = YES;
				GCC_WARN_UNUSED_VARIABLE = YES;
				IPHONEOS_DEPLOYMENT_TARGET = 9.2;
				MTL_ENABLE_DEBUG_INFO = YES;
				ONLY_ACTIVE_ARCH = YES;
				SDKROOT = iphoneos;
				SWIFT_OPTIMIZATION_LEVEL = "-Onone";
			};
			name = Debug;
		};
		69CBF82D1C28C8F3002D00F5 /* Release */ = {
			isa = XCBuildConfiguration;
			buildSettings = {
				ALWAYS_SEARCH_USER_PATHS = NO;
				CLANG_CXX_LANGUAGE_STANDARD = "gnu++0x";
				CLANG_CXX_LIBRARY = "libc++";
				CLANG_ENABLE_MODULES = YES;
				CLANG_ENABLE_OBJC_ARC = YES;
				CLANG_WARN_BOOL_CONVERSION = YES;
				CLANG_WARN_CONSTANT_CONVERSION = YES;
				CLANG_WARN_DIRECT_OBJC_ISA_USAGE = YES_ERROR;
				CLANG_WARN_EMPTY_BODY = YES;
				CLANG_WARN_ENUM_CONVERSION = YES;
				CLANG_WARN_INT_CONVERSION = YES;
				CLANG_WARN_OBJC_ROOT_CLASS = YES_ERROR;
				CLANG_WARN_UNREACHABLE_CODE = YES;
				CLANG_WARN__DUPLICATE_METHOD_MATCH = YES;
				"CODE_SIGN_IDENTITY[sdk=iphoneos*]" = "iPhone Developer";
				COPY_PHASE_STRIP = NO;
				DEBUG_INFORMATION_FORMAT = "dwarf-with-dsym";
				ENABLE_NS_ASSERTIONS = NO;
				ENABLE_STRICT_OBJC_MSGSEND = YES;
				GCC_C_LANGUAGE_STANDARD = gnu99;
				GCC_NO_COMMON_BLOCKS = YES;
				GCC_WARN_64_TO_32_BIT_CONVERSION = YES;
				GCC_WARN_ABOUT_RETURN_TYPE = YES_ERROR;
				GCC_WARN_UNDECLARED_SELECTOR = YES;
				GCC_WARN_UNINITIALIZED_AUTOS = YES_AGGRESSIVE;
				GCC_WARN_UNUSED_FUNCTION = YES;
				GCC_WARN_UNUSED_VARIABLE = YES;
				IPHONEOS_DEPLOYMENT_TARGET = 9.2;
				MTL_ENABLE_DEBUG_INFO = NO;
				SDKROOT = iphoneos;
				VALIDATE_PRODUCT = YES;
			};
			name = Release;
		};
		69CBF82F1C28C8F3002D00F5 /* Debug */ = {
			isa = XCBuildConfiguration;
			buildSettings = {
				ASSETCATALOG_COMPILER_APPICON_NAME = AppIcon;
				CLANG_ENABLE_MODULES = YES;
				CODE_SIGN_IDENTITY = "iPhone Developer";
				INFOPLIST_FILE = LigaFix/Info.plist;
				IPHONEOS_DEPLOYMENT_TARGET = 9.2;
				LD_RUNPATH_SEARCH_PATHS = "$(inherited) @executable_path/Frameworks";
				OTHER_CFLAGS = "";
				PRODUCT_BUNDLE_IDENTIFIER = com.Ahrodite.LigaFix;
				PRODUCT_NAME = "$(TARGET_NAME)";
				SWIFT_OBJC_BRIDGING_HEADER = "LigaFix/LigaFix-Bridging-Header.h";
				SWIFT_OPTIMIZATION_LEVEL = "-Onone";
			};
			name = Debug;
		};
		69CBF8301C28C8F3002D00F5 /* Release */ = {
			isa = XCBuildConfiguration;
			buildSettings = {
				ASSETCATALOG_COMPILER_APPICON_NAME = AppIcon;
				CLANG_ENABLE_MODULES = YES;
				CODE_SIGN_IDENTITY = "iPhone Developer";
				INFOPLIST_FILE = LigaFix/Info.plist;
				IPHONEOS_DEPLOYMENT_TARGET = 9.2;
				LD_RUNPATH_SEARCH_PATHS = "$(inherited) @executable_path/Frameworks";
				OTHER_CFLAGS = "";
				PRODUCT_BUNDLE_IDENTIFIER = com.Ahrodite.LigaFix;
				PRODUCT_NAME = "$(TARGET_NAME)";
				SWIFT_OBJC_BRIDGING_HEADER = "LigaFix/LigaFix-Bridging-Header.h";
			};
			name = Release;
		};
		69CBF8321C28C8F3002D00F5 /* Debug */ = {
			isa = XCBuildConfiguration;
			buildSettings = {
				BUNDLE_LOADER = "$(TEST_HOST)";
				INFOPLIST_FILE = LigaFixTests/Info.plist;
				LD_RUNPATH_SEARCH_PATHS = "$(inherited) @executable_path/Frameworks @loader_path/Frameworks";
				PRODUCT_BUNDLE_IDENTIFIER = com.Ahrodite.LigaFixTests;
				PRODUCT_NAME = "$(TARGET_NAME)";
				TEST_HOST = "$(BUILT_PRODUCTS_DIR)/LigaFix.app/LigaFix";
			};
			name = Debug;
		};
		69CBF8331C28C8F3002D00F5 /* Release */ = {
			isa = XCBuildConfiguration;
			buildSettings = {
				BUNDLE_LOADER = "$(TEST_HOST)";
				INFOPLIST_FILE = LigaFixTests/Info.plist;
				LD_RUNPATH_SEARCH_PATHS = "$(inherited) @executable_path/Frameworks @loader_path/Frameworks";
				PRODUCT_BUNDLE_IDENTIFIER = com.Ahrodite.LigaFixTests;
				PRODUCT_NAME = "$(TARGET_NAME)";
				TEST_HOST = "$(BUILT_PRODUCTS_DIR)/LigaFix.app/LigaFix";
			};
			name = Release;
		};
		69CBF8351C28C8F3002D00F5 /* Debug */ = {
			isa = XCBuildConfiguration;
			buildSettings = {
				INFOPLIST_FILE = LigaFixUITests/Info.plist;
				LD_RUNPATH_SEARCH_PATHS = "$(inherited) @executable_path/Frameworks @loader_path/Frameworks";
				PRODUCT_BUNDLE_IDENTIFIER = com.Ahrodite.LigaFixUITests;
				PRODUCT_NAME = "$(TARGET_NAME)";
				TEST_TARGET_NAME = LigaFix;
				USES_XCTRUNNER = YES;
			};
			name = Debug;
		};
		69CBF8361C28C8F3002D00F5 /* Release */ = {
			isa = XCBuildConfiguration;
			buildSettings = {
				INFOPLIST_FILE = LigaFixUITests/Info.plist;
				LD_RUNPATH_SEARCH_PATHS = "$(inherited) @executable_path/Frameworks @loader_path/Frameworks";
				PRODUCT_BUNDLE_IDENTIFIER = com.Ahrodite.LigaFixUITests;
				PRODUCT_NAME = "$(TARGET_NAME)";
				TEST_TARGET_NAME = LigaFix;
				USES_XCTRUNNER = YES;
			};
			name = Release;
		};
/* End XCBuildConfiguration section */

/* Begin XCConfigurationList section */
		69CBF7FE1C28C8F3002D00F5 /* Build configuration list for PBXProject "LigaFix" */ = {
			isa = XCConfigurationList;
			buildConfigurations = (
				69CBF82C1C28C8F3002D00F5 /* Debug */,
				69CBF82D1C28C8F3002D00F5 /* Release */,
			);
			defaultConfigurationIsVisible = 0;
			defaultConfigurationName = Release;
		};
		69CBF82E1C28C8F3002D00F5 /* Build configuration list for PBXNativeTarget "LigaFix" */ = {
			isa = XCConfigurationList;
			buildConfigurations = (
				69CBF82F1C28C8F3002D00F5 /* Debug */,
				69CBF8301C28C8F3002D00F5 /* Release */,
			);
			defaultConfigurationIsVisible = 0;
			defaultConfigurationName = Release;
		};
		69CBF8311C28C8F3002D00F5 /* Build configuration list for PBXNativeTarget "LigaFixTests" */ = {
			isa = XCConfigurationList;
			buildConfigurations = (
				69CBF8321C28C8F3002D00F5 /* Debug */,
				69CBF8331C28C8F3002D00F5 /* Release */,
			);
			defaultConfigurationIsVisible = 0;
			defaultConfigurationName = Release;
		};
		69CBF8341C28C8F3002D00F5 /* Build configuration list for PBXNativeTarget "LigaFixUITests" */ = {
			isa = XCConfigurationList;
			buildConfigurations = (
				69CBF8351C28C8F3002D00F5 /* Debug */,
				69CBF8361C28C8F3002D00F5 /* Release */,
			);
			defaultConfigurationIsVisible = 0;
			defaultConfigurationName = Release;
		};
/* End XCConfigurationList section */

/* Begin XCVersionGroup section */
		69CBF80D1C28C8F3002D00F5 /* LigaFix.xcdatamodeld */ = {
			isa = XCVersionGroup;
			children = (
				69CBF80E1C28C8F3002D00F5 /* LigaFix.xcdatamodel */,
			);
			currentVersion = 69CBF80E1C28C8F3002D00F5 /* LigaFix.xcdatamodel */;
			path = LigaFix.xcdatamodeld;
			sourceTree = "<group>";
			versionGroupType = wrapper.xcdatamodel;
		};
/* End XCVersionGroup section */
	};
	rootObject = 69CBF7FB1C28C8F3002D00F5 /* Project object */;
}
